{
  "name": "echo-android-local-ui",
  "lockfileVersion": 3,
  "requires": true,
  "packages": {
    "": {
      "name": "echo-android-local-ui",
      "dependencies": {
        "@marcbachmann/cel-js": "8.0.0"
      }
    },
    "node_modules/@marcbachmann/cel-js": {
      "version": "8.0.0",
      "resolved": "https://registry.npmmirror.com/@marcbachmann/cel-js/-/cel-js-8.0.0.tgz",
      "integrity": "sha512-oaTrAziGr3zDLFiMt/yLU3nZuRMawyWQB5X1a0I7s9eGy3JYzX9l8ZXXHyMd64nzbeVFZTewuUShwsZQdK6UCA==",
      "license": "MIT",
      "bin": {
        "cel-evaluate": "bin/cel-evaluate.js"
      },
      "engines": {
        "node": ">=20.19.0"
      }
    }
  }
}
